dependencies:
- name: edge-gateway
  repository: ""
  version: 0.1.0
- name: internal-gateway
  repository: ""
  version: 0.1.0
- name: manager
  repository: ""
  version: 0.1.0
- name: netd
  repository: ""
  version: 0.1.0
- name: storage-proxy
  repository: ""
  version: 0.1.0
- name: rustfs
  repository: https://charts.rustfs.com
  version: 0.0.79
digest: sha256:62a20d50bc3e7897137c7a49435605eea51e710b80b2993d28ce0416ebb4f11f
generated: "2026-01-16T04:30:49.241878+08:00"
