dependencies:
- name: edge-gateway
  repository: ""
  version: 0.1.0
- name: internal-gateway
  repository: ""
  version: 0.1.0
- name: manager
  repository: ""
  version: 0.1.0
- name: netd
  repository: ""
  version: 0.1.0
- name: storage-proxy
  repository: ""
  version: 0.1.0
- name: rustfs
  repository: https://charts.rustfs.com
  version: 0.0.79
- name: postgresql
  repository: https://charts.bitnami.com/bitnami
  version: 18.2.0
digest: sha256:e526062857c0be0f822c0eeebcef0b558b32d6a1145b73766f68fd8f7f9f56a0
generated: "2026-01-16T04:50:49.934086+08:00"
